
Microsoft Visual Studio Solution File, Format Version 12.00
# Visual Studio Version 16
VisualStudioVersion = 16.0.29424.173
MinimumVisualStudioVersion = 10.0.40219.1
Project("{FAE04EC0-301F-11D3-BF4B-00C04F79EFBC}") = "VidlyMvc", "VidlyMvc\VidlyMvc.csproj", "{04271290-F11B-46C8-A967-48857E730703}"
EndProject
Global
	GlobalSection(SolutionConfigurationPlatforms) = preSolution
		Debug|Any CPU = Debug|Any CPU
		Release|Any CPU = Release|Any CPU
	EndGlobalSection
	GlobalSection(ProjectConfigurationPlatforms) = postSolution
		{04271290-F11B-46C8-A967-48857E730703}.Debug|Any CPU.ActiveCfg = Debug|Any CPU
		{04271290-F11B-46C8-A967-48857E730703}.Debug|Any CPU.Build.0 = Debug|Any CPU
		{04271290-F11B-46C8-A967-48857E730703}.Release|Any CPU.ActiveCfg = Release|Any CPU
		{04271290-F11B-46C8-A967-48857E730703}.Release|Any CPU.Build.0 = Release|Any CPU
	EndGlobalSection
	GlobalSection(SolutionProperties) = preSolution
		HideSolutionNode = FALSE
	EndGlobalSection
	GlobalSection(ExtensibilityGlobals) = postSolution
		SolutionGuid = {21FE507C-10A3-4EEA-B924-ABDE3068DAEA}
	EndGlobalSection
EndGlobal
